
Microsoft Visual Studio Solution File, Format Version 12.00
# Visual Studio Version 17
VisualStudioVersion = 17.5.33502.453
MinimumVisualStudioVersion = 10.0.40219.1
Project("{9A19103F-16F7-4668-BE54-9A1E7A4F7556}") = "ExpenseTracker.Server", "ExpenseTracker\Server\ExpenseTracker.Server.csproj", "{DFB31AA4-271D-43CC-ABDE-C9C9500F527D}"
EndProject
Project("{9A19103F-16F7-4668-BE54-9A1E7A4F7556}") = "ExpenseTracker.Client", "ExpenseTracker\Client\ExpenseTracker.Client.csproj", "{787FAD36-069D-4348-92BA-E86972A4D2F1}"
EndProject
Project("{9A19103F-16F7-4668-BE54-9A1E7A4F7556}") = "ExpressTrackerLogicLayer", "ExpressTrackerLogicLayer\ExpressTrackerLogicLayer.csproj", "{C8445FCE-303E-42EA-98B2-3761F7AA3877}"
EndProject
Project("{9A19103F-16F7-4668-BE54-9A1E7A4F7556}") = "ExpressTrackerDBAccessLayer", "ExpressTrackerDBAccessLayer\ExpressTrackerDBAccessLayer.csproj", "{15CF53BD-9912-4F1E-B483-6354D2036586}"
EndProject
Global
	GlobalSection(SolutionConfigurationPlatforms) = preSolution
		Debug|Any CPU = Debug|Any CPU
		Release|Any CPU = Release|Any CPU
	EndGlobalSection
	GlobalSection(ProjectConfigurationPlatforms) = postSolution
		{DFB31AA4-271D-43CC-ABDE-C9C9500F527D}.Debug|Any CPU.ActiveCfg = Debug|Any CPU
		{DFB31AA4-271D-43CC-ABDE-C9C9500F527D}.Debug|Any CPU.Build.0 = Debug|Any CPU
		{DFB31AA4-271D-43CC-ABDE-C9C9500F527D}.Release|Any CPU.ActiveCfg = Release|Any CPU
		{DFB31AA4-271D-43CC-ABDE-C9C9500F527D}.Release|Any CPU.Build.0 = Release|Any CPU
		{787FAD36-069D-4348-92BA-E86972A4D2F1}.Debug|Any CPU.ActiveCfg = Debug|Any CPU
		{787FAD36-069D-4348-92BA-E86972A4D2F1}.Debug|Any CPU.Build.0 = Debug|Any CPU
		{787FAD36-069D-4348-92BA-E86972A4D2F1}.Release|Any CPU.ActiveCfg = Release|Any CPU
		{787FAD36-069D-4348-92BA-E86972A4D2F1}.Release|Any CPU.Build.0 = Release|Any CPU
		{C8445FCE-303E-42EA-98B2-3761F7AA3877}.Debug|Any CPU.ActiveCfg = Debug|Any CPU
		{C8445FCE-303E-42EA-98B2-3761F7AA3877}.Debug|Any CPU.Build.0 = Debug|Any CPU
		{C8445FCE-303E-42EA-98B2-3761F7AA3877}.Release|Any CPU.ActiveCfg = Release|Any CPU
		{C8445FCE-303E-42EA-98B2-3761F7AA3877}.Release|Any CPU.Build.0 = Release|Any CPU
		{15CF53BD-9912-4F1E-B483-6354D2036586}.Debug|Any CPU.ActiveCfg = Debug|Any CPU
		{15CF53BD-9912-4F1E-B483-6354D2036586}.Debug|Any CPU.Build.0 = Debug|Any CPU
		{15CF53BD-9912-4F1E-B483-6354D2036586}.Release|Any CPU.ActiveCfg = Release|Any CPU
		{15CF53BD-9912-4F1E-B483-6354D2036586}.Release|Any CPU.Build.0 = Release|Any CPU
	EndGlobalSection
	GlobalSection(SolutionProperties) = preSolution
		HideSolutionNode = FALSE
	EndGlobalSection
	GlobalSection(ExtensibilityGlobals) = postSolution
		SolutionGuid = {D972D144-62E4-4EDD-B613-03C848151220}
	EndGlobalSection
EndGlobal
